GEM
  remote: https://rubygems.org/
  specs:
    yerba (0.8.1)
    yerba (0.8.1-aarch64-linux-gnu)
    yerba (0.8.1-aarch64-linux-musl)
    yerba (0.8.1-arm-linux-gnu)
    yerba (0.8.1-arm64-darwin)
    yerba (0.8.1-x86_64-darwin)
    yerba (0.8.1-x86_64-linux-gnu)
    yerba (0.8.1-x86_64-linux-musl)

PLATFORMS
  aarch64-linux-gnu
  aarch64-linux-musl
  arm-linux-gnu
  arm64-darwin
  ruby
  x86_64-darwin
  x86_64-linux-gnu
  x86_64-linux-musl

DEPENDENCIES
  yerba (~> 0.8.1)

CHECKSUMS
  yerba (0.8.1) sha256=ea5d9d37f92229cfe0794f9a497b6690c109978521293c1372b0e36c33e56f45
  yerba (0.8.1-aarch64-linux-gnu) sha256=5b92badf121ca308113c97680901cb419b1b1edb491ff9ab981dcce2e2aaaabc
  yerba (0.8.1-aarch64-linux-musl) sha256=9d380b6c623d558f1c3c8b961ac97b74456bc8ab289705379624e2c71b15284f
  yerba (0.8.1-arm-linux-gnu) sha256=c3af3f7157ac2bf9c9ea369294b7258032ca2695a2fd1bf512d399d771ff0077
  yerba (0.8.1-arm64-darwin) sha256=36141205fdd12bd398aa9a95c659a33c10d71e99c5f2678f07f21fe781ba396e
  yerba (0.8.1-x86_64-darwin) sha256=475aee2f175937ce851002a874f7e09179014869bf841560290d9d2286fe51f4
  yerba (0.8.1-x86_64-linux-gnu) sha256=489c0d72672f5d864698fd49df66e3d12d39200c23f9755e223b87c1652a23c8
  yerba (0.8.1-x86_64-linux-musl) sha256=654a82695c96091373f6bfb14ef82f6b6e1cc0cb1b885f512bbe4be7b4050760

BUNDLED WITH
  4.0.6
