GEM
  remote: https://rubygems.org/
  specs:
    yerba (0.8.0)
    yerba (0.8.0-aarch64-linux-gnu)
    yerba (0.8.0-aarch64-linux-musl)
    yerba (0.8.0-arm-linux-gnu)
    yerba (0.8.0-arm64-darwin)
    yerba (0.8.0-x86_64-darwin)
    yerba (0.8.0-x86_64-linux-gnu)
    yerba (0.8.0-x86_64-linux-musl)

PLATFORMS
  aarch64-linux-gnu
  aarch64-linux-musl
  arm-linux-gnu
  arm64-darwin
  ruby
  x86_64-darwin
  x86_64-linux-gnu
  x86_64-linux-musl

DEPENDENCIES
  yerba (~> 0.8)

CHECKSUMS
  yerba (0.8.0) sha256=7756e1e937198f23fdafcd8502e0d23f33582a90ba5906edc1c46a9c862f4f67
  yerba (0.8.0-aarch64-linux-gnu) sha256=04934e5b0697a9f0a69f5deeab88f2ec8c337143a1652a35f37a450e2ace54af
  yerba (0.8.0-aarch64-linux-musl) sha256=b9a0926556cdf6d65bdbd93667ac5a7946eebbb4bb6def38ab5871a443099497
  yerba (0.8.0-arm-linux-gnu) sha256=cb200d7401e2ec7c07c004813f3bce75b1bb02f48206b9b6ea5f772c0dde976b
  yerba (0.8.0-arm64-darwin) sha256=32faf01b4228bb99a94c5bb2c7a029dad74a3b82e424dcee368a67ebd632a656
  yerba (0.8.0-x86_64-darwin) sha256=db95a878b464ca5e14c6b3c4e2e2a402904e02785c592ec12f480fc0a96aae39
  yerba (0.8.0-x86_64-linux-gnu) sha256=e089f900339a8e1e8ff340add53a6fd822437d0f96bfa19a698a654a81936551
  yerba (0.8.0-x86_64-linux-musl) sha256=847f063098bf4200ccc0e7524fec742331152e5f61b22f7a5f1fd47a9b608314

BUNDLED WITH
  4.0.6
