GIT
  remote: https://github.com/rails/rails.git
  revision: e168c98ca29d524440a431c0c17c5a8ed1097e56
  branch: main
  glob: {actionview,activesupport}/*.gemspec
  specs:
    actionview (8.2.0.alpha)
      activesupport (= 8.2.0.alpha)
      builder (~> 3.1)
      erubi (~> 1.11)
      herb (>= 0.10)
      rails-dom-testing (~> 2.2)
      rails-html-sanitizer (~> 1.7)
    activesupport (8.2.0.alpha)
      base64
      bigdecimal
      concurrent-ruby (~> 1.0, >= 1.3.1)
      connection_pool (>= 2.2.5)
      drb
      i18n (>= 1.6, < 2)
      json
      logger (>= 1.4.2)
      minitest (>= 5.1)
      psych (>= 4)
      ractor-dispatch (>= 0.3.0)
      securerandom (>= 0.3)
      tzinfo (~> 2.0, >= 2.0.5)
      uri (>= 0.13.1)

GEM
  remote: https://rubygems.org/
  specs:
    base64 (0.3.0)
    bigdecimal (4.1.3)
    builder (3.3.0)
    concurrent-ruby (1.3.8)
    connection_pool (3.0.2)
    crass (1.0.7)
    date (3.5.1)
    drb (2.2.3)
    erubi (1.13.1)
    herb (0.11.0-aarch64-linux-gnu)
    herb (0.11.0-aarch64-linux-musl)
    herb (0.11.0-arm-linux-gnu)
    herb (0.11.0-arm64-darwin)
    herb (0.11.0-x86_64-darwin)
    herb (0.11.0-x86_64-linux-gnu)
    herb (0.11.0-x86_64-linux-musl)
    i18n (1.15.2)
      concurrent-ruby (~> 1.0)
    json (3.0.2)
    logger (1.7.0)
    loofah (2.25.2)
      crass (~> 1.0.2)
      nokogiri (>= 1.12.0)
    minitest (6.0.6)
      drb (~> 2.0)
      prism (~> 1.5)
    nokogiri (1.19.4-aarch64-linux-gnu)
      racc (~> 1.4)
    nokogiri (1.19.4-aarch64-linux-musl)
      racc (~> 1.4)
    nokogiri (1.19.4-arm-linux-gnu)
      racc (~> 1.4)
    nokogiri (1.19.4-arm64-darwin)
      racc (~> 1.4)
    nokogiri (1.19.4-x86_64-darwin)
      racc (~> 1.4)
    nokogiri (1.19.4-x86_64-linux-gnu)
      racc (~> 1.4)
    nokogiri (1.19.4-x86_64-linux-musl)
      racc (~> 1.4)
    prism (1.9.0)
    psych (5.5.0)
      date
      stringio
    racc (1.8.1)
    ractor-dispatch (0.3.0)
    rails-dom-testing (2.3.0)
      activesupport (>= 5.0.0)
      minitest
      nokogiri (>= 1.6)
    rails-html-sanitizer (1.7.1)
      loofah (~> 2.25, >= 2.25.2)
      nokogiri (>= 1.15.7, != 1.16.7, != 1.16.6, != 1.16.5, != 1.16.4, != 1.16.3, != 1.16.2, != 1.16.1, != 1.16.0.rc1, != 1.16.0)
    securerandom (0.4.1)
    stringio (3.2.0)
    tzinfo (2.0.6)
      concurrent-ruby (~> 1.0)
    uri (1.1.1)
    yerba (0.8.1)
    yerba (0.8.1-aarch64-linux-gnu)
    yerba (0.8.1-aarch64-linux-musl)
    yerba (0.8.1-arm-linux-gnu)
    yerba (0.8.1-arm64-darwin)
    yerba (0.8.1-x86_64-darwin)
    yerba (0.8.1-x86_64-linux-gnu)
    yerba (0.8.1-x86_64-linux-musl)

PLATFORMS
  aarch64-linux-gnu
  aarch64-linux-musl
  arm-linux-gnu
  arm64-darwin
  x86_64-darwin
  x86_64-linux-gnu
  x86_64-linux-musl

DEPENDENCIES
  actionview!
  activesupport!
  yerba (~> 0.8.1)

CHECKSUMS
  actionview (8.2.0.alpha)
  activesupport (8.2.0.alpha)
  base64 (0.3.0) sha256=27337aeabad6ffae05c265c450490628ef3ebd4b67be58257393227588f5a97b
  bigdecimal (4.1.3) sha256=61ebe1e5e559bdc3cc6f2c0ee7f427321fc838f59611c294356eb04d6e21cf66
  builder (3.3.0) sha256=497918d2f9dca528fdca4b88d84e4ef4387256d984b8154e9d5d3fe5a9c8835f
  concurrent-ruby (1.3.8) sha256=b2f1be836e968ccc78ccfce277ea79c72a88633f22306782c16ff23fb415d1e1
  connection_pool (3.0.2) sha256=33fff5ba71a12d2aa26cb72b1db8bba2a1a01823559fb01d29eb74c286e62e0a
  crass (1.0.7) sha256=94868719948664c89ddcaf0a37c65048413dfcb1c869470a5f7a7ceb5390b295
  date (3.5.1) sha256=750d06384d7b9c15d562c76291407d89e368dda4d4fff957eb94962d325a0dc0
  drb (2.2.3) sha256=0b00d6fdb50995fe4a45dea13663493c841112e4068656854646f418fda13373
  erubi (1.13.1) sha256=a082103b0885dbc5ecf1172fede897f9ebdb745a4b97a5e8dc63953db1ee4ad9
  herb (0.11.0-aarch64-linux-gnu) sha256=7d8244655bb99a50b2d52ea13408c2a76b3fbd70bcca8ccee4229d3e1902bb0b
  herb (0.11.0-aarch64-linux-musl) sha256=8b19e8ce70cae1a016468cd6c3a88a051e47fd68f3f8b1bd3ffb751a62109982
  herb (0.11.0-arm-linux-gnu) sha256=8fd8e3c4d45c3b6bc8a2b7f056ac4bf961cfb03407fef26f7e1d5ef69406bf5d
  herb (0.11.0-arm64-darwin) sha256=8972ac3e5a7ee7296a89d78fceb40d8fb85c3ea8d40c9781a9c8db3e58194501
  herb (0.11.0-x86_64-darwin) sha256=2eb9db026a1949cb2ad8cfa1944ef8402feab784c7d37a35c48575a9e0d79912
  herb (0.11.0-x86_64-linux-gnu) sha256=aba19094bc1618e1bc0fb59db52ba251c93a24598f5228815616b282f10bb8a0
  herb (0.11.0-x86_64-linux-musl) sha256=e27a08fe72304c8043e851b568ed30eaa45f06b5333d151939a7834e936c01aa
  i18n (1.15.2) sha256=00f9eb62412fe593b2a65a97daa75300d37abb8f7202ec748e94b6d46a9dd1b5
  json (3.0.2) sha256=8e6d7e7b11384c21230430cef90b71f14849a34a1f4452796670f7c981bd19df
  logger (1.7.0) sha256=196edec7cc44b66cfb40f9755ce11b392f21f7967696af15d274dde7edff0203
  loofah (2.25.2) sha256=2007f746959ac65552456e04b433e83deb22759ab38c838b4445c70e43425918
  minitest (6.0.6) sha256=153ea36d1d987a62942382b61075745042a2b3123b1cd48f4c3675af9cc7d6f1
  nokogiri (1.19.4-aarch64-linux-gnu) sha256=1269fb644a6de405057a53dd5c762b1209b43ca7424f839454d3dbc677c31a8f
  nokogiri (1.19.4-aarch64-linux-musl) sha256=35c65b9ce72b3bb03207bdbe7067915019dc18c1b9b59139684bd6690fdd01af
  nokogiri (1.19.4-arm-linux-gnu) sha256=a301313e38bb065d68239e79734bcd6f56fb6efaacebde29e9abf2a4735340ca
  nokogiri (1.19.4-arm64-darwin) sha256=a46db9853286e6597b36ebc6953817d15acf3a299583eb3f89fdc6f91dd63527
  nokogiri (1.19.4-x86_64-darwin) sha256=7fd17057d3e1f00e9954a74b3cd76595d3d4a5ef233b7ed9599047c204f70551
  nokogiri (1.19.4-x86_64-linux-gnu) sha256=379fae440b28915e3f19d752ce2dcf8465ed2b2fbefd2a7ca0dd497bc981a06a
  nokogiri (1.19.4-x86_64-linux-musl) sha256=17dfb7c1fa194ae02fbf7c51a7afc8d278045ab3fdacfd86f91d02d7b274470b
  prism (1.9.0) sha256=7b530c6a9f92c24300014919c9dcbc055bf4cdf51ec30aed099b06cd6674ef85
  psych (5.5.0) sha256=4b245bbbd0f3238df8ccee766ebc1a6b062b10e4ee1d3284eb588739ba156a0a
  racc (1.8.1) sha256=4a7f6929691dbec8b5209a0b373bc2614882b55fc5d2e447a21aaa691303d62f
  ractor-dispatch (0.3.0) sha256=cd2d46743303e00fe500df168b4dde85080160fd9f04539cada4b4dd5e588f68
  rails-dom-testing (2.3.0) sha256=8acc7953a7b911ca44588bf08737bc16719f431a1cc3091a292bca7317925c1d
  rails-html-sanitizer (1.7.1) sha256=e797a7c9b01e567307e317c576b49ab4168017e63eea4dba9ce3cb587e2f22c2
  securerandom (0.4.1) sha256=cc5193d414a4341b6e225f0cb4446aceca8e50d5e1888743fac16987638ea0b1
  stringio (3.2.0) sha256=c37cb2e58b4ffbd33fe5cd948c05934af997b36e0b6ca6fdf43afa234cf222e1
  tzinfo (2.0.6) sha256=8daf828cc77bcf7d63b0e3bdb6caa47e2272dcfaf4fbfe46f8c3a9df087a829b
  uri (1.1.1) sha256=379fa58d27ffb1387eaada68c749d1426738bd0f654d812fcc07e7568f5c57c6
  yerba (0.8.1) sha256=ea5d9d37f92229cfe0794f9a497b6690c109978521293c1372b0e36c33e56f45
  yerba (0.8.1-aarch64-linux-gnu) sha256=5b92badf121ca308113c97680901cb419b1b1edb491ff9ab981dcce2e2aaaabc
  yerba (0.8.1-aarch64-linux-musl) sha256=9d380b6c623d558f1c3c8b961ac97b74456bc8ab289705379624e2c71b15284f
  yerba (0.8.1-arm-linux-gnu) sha256=c3af3f7157ac2bf9c9ea369294b7258032ca2695a2fd1bf512d399d771ff0077
  yerba (0.8.1-arm64-darwin) sha256=36141205fdd12bd398aa9a95c659a33c10d71e99c5f2678f07f21fe781ba396e
  yerba (0.8.1-x86_64-darwin) sha256=475aee2f175937ce851002a874f7e09179014869bf841560290d9d2286fe51f4
  yerba (0.8.1-x86_64-linux-gnu) sha256=489c0d72672f5d864698fd49df66e3d12d39200c23f9755e223b87c1652a23c8
  yerba (0.8.1-x86_64-linux-musl) sha256=654a82695c96091373f6bfb14ef82f6b6e1cc0cb1b885f512bbe4be7b4050760

BUNDLED WITH
  4.0.6
